#MicroXplorer Configuration settings - do not modify
ADC1.Channel-2\#ChannelRegularConversion=ADC_CHANNEL_1
ADC1.Channel-3\#ChannelRegularConversion=ADC_CHANNEL_2
ADC1.CommonPathInternal=null|null|null|null
ADC1.IPParameters=Rank-2\#ChannelRegularConversion,Channel-2\#ChannelRegularConversion,SamplingTime-2\#ChannelRegularConversion,OffsetNumber-2\#ChannelRegularConversion,NbrOfConversionFlag,master,Rank-3\#ChannelRegularConversion,Channel-3\#ChannelRegularConversion,SamplingTime-3\#ChannelRegularConversion,OffsetNumber-3\#ChannelRegularConversion,NbrOfConversion,CommonPathInternal
ADC1.NbrOfConversion=2
ADC1.NbrOfConversionFlag=1
ADC1.OffsetNumber-2\#ChannelRegularConversion=ADC_OFFSET_NONE
ADC1.OffsetNumber-3\#ChannelRegularConversion=ADC_OFFSET_NONE
ADC1.Rank-2\#ChannelRegularConversion=1
ADC1.Rank-3\#ChannelRegularConversion=2
ADC1.SamplingTime-2\#ChannelRegularConversion=ADC_SAMPLETIME_640CYCLES_5
ADC1.SamplingTime-3\#ChannelRegularConversion=ADC_SAMPLETIME_640CYCLES_5
ADC1.master=1
CAD.formats=
CAD.pinconfig=
CAD.provider=
Dma.Request0=SPI1_TX
Dma.Request1=SPI1_RX
Dma.RequestsNb=2
Dma.SPI1_RX.1.Direction=DMA_PERIPH_TO_MEMORY
Dma.SPI1_RX.1.Instance=DMA1_Channel2
Dma.SPI1_RX.1.MemDataAlignment=DMA_MDATAALIGN_BYTE
Dma.SPI1_RX.1.MemInc=DMA_MINC_ENABLE
Dma.SPI1_RX.1.Mode=DMA_NORMAL
Dma.SPI1_RX.1.PeriphDataAlignment=DMA_PDATAALIGN_BYTE
Dma.SPI1_RX.1.PeriphInc=DMA_PINC_DISABLE
Dma.SPI1_RX.1.Priority=DMA_PRIORITY_VERY_HIGH
Dma.SPI1_RX.1.RequestParameters=Instance,Direction,PeriphInc,MemInc,PeriphDataAlignment,MemDataAlignment,Mode,Priority
Dma.SPI1_TX.0.Direction=DMA_MEMORY_TO_PERIPH
Dma.SPI1_TX.0.Instance=DMA1_Channel3
Dma.SPI1_TX.0.MemDataAlignment=DMA_MDATAALIGN_BYTE
Dma.SPI1_TX.0.MemInc=DMA_MINC_ENABLE
Dma.SPI1_TX.0.Mode=DMA_NORMAL
Dma.SPI1_TX.0.PeriphDataAlignment=DMA_PDATAALIGN_BYTE
Dma.SPI1_TX.0.PeriphInc=DMA_PINC_DISABLE
Dma.SPI1_TX.0.Priority=DMA_PRIORITY_VERY_HIGH
Dma.SPI1_TX.0.RequestParameters=Instance,Direction,PeriphInc,MemInc,PeriphDataAlignment,MemDataAlignment,Mode,Priority
FATFS.IPParameters=_MAX_SS,_USE_LFN
FATFS._MAX_SS=4096
FATFS._USE_LFN=1
File.Version=6
GPIO.groupedBy=Group By Peripherals
I2C1.IPParameters=Timing
I2C1.Timing=0x10909CEC
KeepUserPlacement=false
Mcu.CPN=STM32L476RGT3
Mcu.Family=STM32L4
Mcu.IP0=ADC1
Mcu.IP1=DMA
Mcu.IP10=TIM3
Mcu.IP11=USART2
Mcu.IP2=FATFS
Mcu.IP3=I2C1
Mcu.IP4=NVIC
Mcu.IP5=RCC
Mcu.IP6=RTC
Mcu.IP7=SPI1
Mcu.IP8=SYS
Mcu.IP9=TIM2
Mcu.IPNb=12
Mcu.Name=STM32L476R(C-E-G)Tx
Mcu.Package=LQFP64
Mcu.Pin0=PC14-OSC32_IN (PC14)
Mcu.Pin1=PC15-OSC32_OUT (PC15)
Mcu.Pin10=PA6
Mcu.Pin11=PA7
Mcu.Pin12=PB0
Mcu.Pin13=PC8
Mcu.Pin14=PA9
Mcu.Pin15=PA12
Mcu.Pin16=PA13 (JTMS-SWDIO)
Mcu.Pin17=PA14 (JTCK-SWCLK)
Mcu.Pin18=PA15 (JTDI)
Mcu.Pin19=PB3 (JTDO-TRACESWO)
Mcu.Pin2=PC0
Mcu.Pin20=PB8
Mcu.Pin21=PB9
Mcu.Pin22=VP_FATFS_VS_Generic
Mcu.Pin23=VP_RTC_VS_RTC_Activate
Mcu.Pin24=VP_RTC_VS_RTC_Calendar
Mcu.Pin25=VP_SYS_VS_Systick
Mcu.Pin26=VP_TIM3_VS_ClockSourceINT
Mcu.Pin3=PC1
Mcu.Pin4=PA0
Mcu.Pin5=PA1
Mcu.Pin6=PA2
Mcu.Pin7=PA3
Mcu.Pin8=PA4
Mcu.Pin9=PA5
Mcu.PinsNb=27
Mcu.ThirdPartyNb=0
Mcu.UserConstants=
Mcu.UserName=STM32L476RGTx
MxCube.Version=6.11.1
MxDb.Version=DB.6.0.111
NVIC.BusFault_IRQn=true\:0\:0\:false\:false\:true\:false\:false\:false
NVIC.DMA1_Channel2_IRQn=true\:0\:0\:false\:false\:true\:false\:true\:true
NVIC.DMA1_Channel3_IRQn=true\:0\:0\:false\:false\:true\:false\:true\:true
NVIC.DebugMonitor_IRQn=true\:0\:0\:false\:false\:true\:false\:false\:false
NVIC.EXTI15_10_IRQn=true\:0\:0\:false\:false\:true\:true\:true\:true
NVIC.ForceEnableDMAVector=true
NVIC.HardFault_IRQn=true\:0\:0\:false\:false\:true\:false\:false\:false
NVIC.MemoryManagement_IRQn=true\:0\:0\:false\:false\:true\:false\:false\:false
NVIC.NonMaskableInt_IRQn=true\:0\:0\:false\:false\:true\:false\:false\:false
NVIC.PendSV_IRQn=true\:0\:0\:false\:false\:true\:false\:false\:false
NVIC.PriorityGroup=NVIC_PRIORITYGROUP_4
NVIC.SPI1_IRQn=true\:0\:0\:false\:false\:true\:true\:true\:true
NVIC.SVCall_IRQn=true\:0\:0\:false\:false\:true\:false\:false\:false
NVIC.SysTick_IRQn=true\:15\:0\:false\:false\:true\:false\:true\:false
NVIC.TIM2_IRQn=true\:0\:0\:false\:false\:true\:true\:true\:true
NVIC.TIM3_IRQn=true\:0\:0\:false\:false\:true\:true\:true\:true
NVIC.UsageFault_IRQn=true\:0\:0\:false\:false\:true\:false\:false\:false
PA0.GPIOParameters=GPIO_Label
PA0.GPIO_Label=DC
PA0.Locked=true
PA0.Signal=GPIO_Output
PA1.GPIOParameters=GPIO_Label
PA1.GPIO_Label=RST
PA1.Locked=true
PA1.Signal=GPIO_Output
PA12.GPIOParameters=GPIO_PuPd,GPIO_Label,GPIO_ModeDefaultEXTI
PA12.GPIO_Label=EN_SW
PA12.GPIO_ModeDefaultEXTI=GPIO_MODE_IT_FALLING
PA12.GPIO_PuPd=GPIO_PULLUP
PA12.Locked=true
PA12.Signal=GPXTI12
PA13\ (JTMS-SWDIO).Locked=true
PA13\ (JTMS-SWDIO).Signal=SYS_JTMS-SWDIO
PA14\ (JTCK-SWCLK).Locked=true
PA14\ (JTCK-SWCLK).Signal=SYS_JTCK-SWCLK
PA15\ (JTDI).Signal=S_TIM2_CH1
PA2.Locked=true
PA2.Mode=Asynchronous
PA2.Signal=USART2_TX
PA3.Locked=true
PA3.Mode=Asynchronous
PA3.Signal=USART2_RX
PA4.GPIOParameters=GPIO_Label
PA4.GPIO_Label=CS
PA4.Locked=true
PA4.Signal=GPIO_Output
PA5.Locked=true
PA5.Signal=SharedStack_PA5
PA5.Stacked=true
PA6.Mode=Full_Duplex_Master
PA6.Signal=SPI1_MISO
PA7.Mode=Full_Duplex_Master
PA7.Signal=SPI1_MOSI
PA9.GPIOParameters=GPIO_Label
PA9.GPIO_Label=CS_2
PA9.Locked=true
PA9.Signal=GPIO_Output
PB0.GPIOParameters=GPIO_Label
PB0.GPIO_Label=BUSY
PB0.Locked=true
PB0.Signal=GPIO_Input
PB3\ (JTDO-TRACESWO).Signal=S_TIM2_CH2
PB8.Locked=true
PB8.Mode=I2C
PB8.Signal=I2C1_SCL
PB9.Locked=true
PB9.Mode=I2C
PB9.Signal=I2C1_SDA
PC0.Signal=ADCx_IN1
PC1.Signal=ADCx_IN2
PC14-OSC32_IN\ (PC14).Mode=LSE-External-Oscillator
PC14-OSC32_IN\ (PC14).Signal=RCC_OSC32_IN
PC15-OSC32_OUT\ (PC15).Mode=LSE-External-Oscillator
PC15-OSC32_OUT\ (PC15).Signal=RCC_OSC32_OUT
PC8.GPIOParameters=GPIO_Label
PC8.GPIO_Label=BUZZ
PC8.Locked=true
PC8.Signal=GPIO_Output
PinOutPanel.RotationAngle=0
ProjectManager.AskForMigrate=true
ProjectManager.BackupPrevious=false
ProjectManager.CompilerOptimize=6
ProjectManager.ComputerToolchain=false
ProjectManager.CoupleFile=false
ProjectManager.CustomerFirmwarePackage=
ProjectManager.DefaultFWLocation=true
ProjectManager.DeletePrevious=true
ProjectManager.DeviceId=STM32L476RGTx
ProjectManager.FirmwarePackage=STM32Cube FW_L4 V1.18.0
ProjectManager.FreePins=false
ProjectManager.HalAssertFull=false
ProjectManager.HeapSize=0x200
ProjectManager.KeepUserCode=true
ProjectManager.LastFirmware=false
ProjectManager.LibraryCopy=1
ProjectManager.MainLocation=Core/Src
ProjectManager.NoMain=false
ProjectManager.PreviousToolchain=
ProjectManager.ProjectBuild=false
ProjectManager.ProjectFileName=31_05_2024.ioc
ProjectManager.ProjectName=31_05_2024
ProjectManager.ProjectStructure=
ProjectManager.RegisterCallBack=
ProjectManager.StackSize=0x400
ProjectManager.TargetToolchain=CMake
ProjectManager.ToolChainLocation=
ProjectManager.UAScriptAfterPath=
ProjectManager.UAScriptBeforePath=
ProjectManager.UnderRoot=false
ProjectManager.functionlistsort=1-SystemClock_Config-RCC-false-HAL-false,2-MX_GPIO_Init-GPIO-false-HAL-true,3-MX_DMA_Init-DMA-false-HAL-true,4-MX_I2C1_Init-I2C1-false-HAL-true,5-MX_USART2_UART_Init-USART2-false-HAL-true,6-MX_ADC1_Init-ADC1-false-HAL-true,7-MX_SPI1_Init-SPI1-false-HAL-true,8-MX_TIM2_Init-TIM2-false-HAL-true,9-MX_FATFS_Init-FATFS-false-HAL-false,10-MX_TIM3_Init-TIM3-false-HAL-true,11-MX_RTC_Init-RTC-false-HAL-true
RCC.ADCFreq_Value=32000000
RCC.AHBFreq_Value=80000000
RCC.APB1Freq_Value=80000000
RCC.APB1TimFreq_Value=80000000
RCC.APB2Freq_Value=80000000
RCC.APB2TimFreq_Value=80000000
RCC.CortexFreq_Value=80000000
RCC.DFSDMFreq_Value=80000000
RCC.FCLKCortexFreq_Value=80000000
RCC.FamilyName=M
RCC.HCLKFreq_Value=80000000
RCC.HSE_VALUE=8000000
RCC.HSI_VALUE=16000000
RCC.I2C1Freq_Value=80000000
RCC.I2C2Freq_Value=80000000
RCC.I2C3Freq_Value=80000000
RCC.IPParameters=ADCFreq_Value,AHBFreq_Value,APB1Freq_Value,APB1TimFreq_Value,APB2Freq_Value,APB2TimFreq_Value,CortexFreq_Value,DFSDMFreq_Value,FCLKCortexFreq_Value,FamilyName,HCLKFreq_Value,HSE_VALUE,HSI_VALUE,I2C1Freq_Value,I2C2Freq_Value,I2C3Freq_Value,LCDFreq_Value,LPTIM1Freq_Value,LPTIM2Freq_Value,LPUART1Freq_Value,LSCOPinFreq_Value,LSI_VALUE,MCO1PinFreq_Value,MSI_VALUE,PLLN,PLLPoutputFreq_Value,PLLQoutputFreq_Value,PLLRCLKFreq_Value,PLLSAI1N,PLLSAI1PoutputFreq_Value,PLLSAI1QoutputFreq_Value,PLLSAI1RoutputFreq_Value,PLLSAI2PoutputFreq_Value,PLLSAI2RoutputFreq_Value,PWRFreq_Value,RNGFreq_Value,RTCClockSelection,RTCFreq_Value,SAI1Freq_Value,SAI2Freq_Value,SDMMCFreq_Value,SWPMI1Freq_Value,SYSCLKFreq_VALUE,SYSCLKSource,UART4Freq_Value,UART5Freq_Value,USART1Freq_Value,USART2Freq_Value,USART3Freq_Value,USBFreq_Value,VCOInputFreq_Value,VCOOutputFreq_Value,VCOSAI1OutputFreq_Value,VCOSAI2OutputFreq_Value
RCC.LCDFreq_Value=32768
RCC.LPTIM1Freq_Value=80000000
RCC.LPTIM2Freq_Value=80000000
RCC.LPUART1Freq_Value=80000000
RCC.LSCOPinFreq_Value=32000
RCC.LSI_VALUE=32000
RCC.MCO1PinFreq_Value=80000000
RCC.MSI_VALUE=4000000
RCC.PLLN=40
RCC.PLLPoutputFreq_Value=22857142.85714286
RCC.PLLQoutputFreq_Value=80000000
RCC.PLLRCLKFreq_Value=80000000
RCC.PLLSAI1N=16
RCC.PLLSAI1PoutputFreq_Value=9142857.142857144
RCC.PLLSAI1QoutputFreq_Value=32000000
RCC.PLLSAI1RoutputFreq_Value=32000000
RCC.PLLSAI2PoutputFreq_Value=4571428.571428572
RCC.PLLSAI2RoutputFreq_Value=16000000
RCC.PWRFreq_Value=80000000
RCC.RNGFreq_Value=32000000
RCC.RTCClockSelection=RCC_RTCCLKSOURCE_LSE
RCC.RTCFreq_Value=32768
RCC.SAI1Freq_Value=9142857.142857144
RCC.SAI2Freq_Value=9142857.142857144
RCC.SDMMCFreq_Value=32000000
RCC.SWPMI1Freq_Value=80000000
RCC.SYSCLKFreq_VALUE=80000000
RCC.SYSCLKSource=RCC_SYSCLKSOURCE_PLLCLK
RCC.UART4Freq_Value=80000000
RCC.UART5Freq_Value=80000000
RCC.USART1Freq_Value=80000000
RCC.USART2Freq_Value=80000000
RCC.USART3Freq_Value=80000000
RCC.USBFreq_Value=32000000
RCC.VCOInputFreq_Value=4000000
RCC.VCOOutputFreq_Value=160000000
RCC.VCOSAI1OutputFreq_Value=64000000
RCC.VCOSAI2OutputFreq_Value=32000000
SH.ADCx_IN1.0=ADC1_IN1,IN1-Single-Ended
SH.ADCx_IN1.ConfNb=1
SH.ADCx_IN2.0=ADC1_IN2,IN2-Single-Ended
SH.ADCx_IN2.ConfNb=1
SH.GPXTI12.0=GPIO_EXTI12
SH.GPXTI12.ConfNb=1
SH.S_TIM2_CH1.0=TIM2_CH1,Encoder_Interface
SH.S_TIM2_CH1.ConfNb=1
SH.S_TIM2_CH2.0=TIM2_CH2,Encoder_Interface
SH.S_TIM2_CH2.ConfNb=1
SH.SharedStack_PA5.0=GPIO_Output+0
SH.SharedStack_PA5.1=SPI1_SCK,Full_Duplex_Master
SH.SharedStack_PA5.ConfNb=2
SPI1.BaudRatePrescaler=SPI_BAUDRATEPRESCALER_4
SPI1.CLKPhase=SPI_PHASE_1EDGE
SPI1.CLKPolarity=SPI_POLARITY_LOW
SPI1.CalculateBaudRate=20.0 MBits/s
SPI1.DataSize=SPI_DATASIZE_8BIT
SPI1.Direction=SPI_DIRECTION_2LINES
SPI1.IPParameters=VirtualType,Mode,Direction,DataSize,CalculateBaudRate,BaudRatePrescaler,CLKPolarity,CLKPhase
SPI1.Mode=SPI_MODE_MASTER
SPI1.VirtualType=VM_MASTER
TIM2.EncoderMode=TIM_ENCODERMODE_TI1
TIM2.IPParameters=Period,EncoderMode
TIM2.Period=29
TIM3.IPParameters=Prescaler,Period
TIM3.Period=99
TIM3.Prescaler=7999
USART2.IPParameters=VirtualMode-Asynchronous
USART2.VirtualMode-Asynchronous=VM_ASYNC
VP_FATFS_VS_Generic.Mode=User_defined
VP_FATFS_VS_Generic.Signal=FATFS_VS_Generic
VP_RTC_VS_RTC_Activate.Mode=RTC_Enabled
VP_RTC_VS_RTC_Activate.Signal=RTC_VS_RTC_Activate
VP_RTC_VS_RTC_Calendar.Mode=RTC_Calendar
VP_RTC_VS_RTC_Calendar.Signal=RTC_VS_RTC_Calendar
VP_SYS_VS_Systick.Mode=SysTick
VP_SYS_VS_Systick.Signal=SYS_VS_Systick
VP_TIM3_VS_ClockSourceINT.Mode=Internal
VP_TIM3_VS_ClockSourceINT.Signal=TIM3_VS_ClockSourceINT
board=custom
